
Microsoft Visual Studio Solution File, Format Version 12.00
Project("{2150E333-8FDC-42A3-9474-1A3956D46DE8}") = "SalesReporterKata", "SalesReporterKata", "{DC90C598-068A-4916-BE90-51FCA7CEB1A7}"
EndProject
Project("{FAE04EC0-301F-11D3-BF4B-00C04F79EFBC}") = "SalesReporter.Cli.Tests", "SalesReporter.Cli.Tests\SalesReporter.Cli.Tests.csproj", "{503C5229-B130-4E09-AA1C-DEDD80CB8009}"
EndProject
Project("{FAE04EC0-301F-11D3-BF4B-00C04F79EFBC}") = "SalesReporter.Cli", "SalesReporter.Console\SalesReporter.Cli.csproj", "{BB802F1F-2281-45EC-A0CF-4A822BF56C36}"
EndProject
Global
	GlobalSection(SolutionConfigurationPlatforms) = preSolution
		Debug|Any CPU = Debug|Any CPU
		Release|Any CPU = Release|Any CPU
	EndGlobalSection
	GlobalSection(NestedProjects) = preSolution
		{503C5229-B130-4E09-AA1C-DEDD80CB8009} = {DC90C598-068A-4916-BE90-51FCA7CEB1A7}
		{BB802F1F-2281-45EC-A0CF-4A822BF56C36} = {DC90C598-068A-4916-BE90-51FCA7CEB1A7}
	EndGlobalSection
	GlobalSection(ProjectConfigurationPlatforms) = postSolution
		{503C5229-B130-4E09-AA1C-DEDD80CB8009}.Debug|Any CPU.ActiveCfg = Debug|Any CPU
		{503C5229-B130-4E09-AA1C-DEDD80CB8009}.Debug|Any CPU.Build.0 = Debug|Any CPU
		{503C5229-B130-4E09-AA1C-DEDD80CB8009}.Release|Any CPU.ActiveCfg = Release|Any CPU
		{503C5229-B130-4E09-AA1C-DEDD80CB8009}.Release|Any CPU.Build.0 = Release|Any CPU
		{BB802F1F-2281-45EC-A0CF-4A822BF56C36}.Debug|Any CPU.ActiveCfg = Debug|Any CPU
		{BB802F1F-2281-45EC-A0CF-4A822BF56C36}.Debug|Any CPU.Build.0 = Debug|Any CPU
		{BB802F1F-2281-45EC-A0CF-4A822BF56C36}.Release|Any CPU.ActiveCfg = Release|Any CPU
		{BB802F1F-2281-45EC-A0CF-4A822BF56C36}.Release|Any CPU.Build.0 = Release|Any CPU
	EndGlobalSection
EndGlobal
